
Microsoft Visual Studio Solution File, Format Version 12.00
# Visual Studio 15
VisualStudioVersion = 15.0.28307.1082
MinimumVisualStudioVersion = 10.0.40219.1
Project("{FAE04EC0-301F-11D3-BF4B-00C04F79EFBC}") = "FinalPropietaria", "FinalPropietaria\FinalPropietaria.csproj", "{B4D5D9B1-303A-4DC4-9C30-86DC23167F61}"
EndProject
Global
	GlobalSection(SolutionConfigurationPlatforms) = preSolution
		Debug|Any CPU = Debug|Any CPU
		Release|Any CPU = Release|Any CPU
	EndGlobalSection
	GlobalSection(ProjectConfigurationPlatforms) = postSolution
		{B4D5D9B1-303A-4DC4-9C30-86DC23167F61}.Debug|Any CPU.ActiveCfg = Debug|Any CPU
		{B4D5D9B1-303A-4DC4-9C30-86DC23167F61}.Debug|Any CPU.Build.0 = Debug|Any CPU
		{B4D5D9B1-303A-4DC4-9C30-86DC23167F61}.Release|Any CPU.ActiveCfg = Release|Any CPU
		{B4D5D9B1-303A-4DC4-9C30-86DC23167F61}.Release|Any CPU.Build.0 = Release|Any CPU
	EndGlobalSection
	GlobalSection(SolutionProperties) = preSolution
		HideSolutionNode = FALSE
	EndGlobalSection
	GlobalSection(ExtensibilityGlobals) = postSolution
		SolutionGuid = {2164AFEB-6524-4473-9515-7436F386EAB9}
	EndGlobalSection
EndGlobal
